{
  "name": "@openai/codex",
  "version": "0.6.39",
  "lockfileVersion": 3,
  "packages": {
    "": {
      "name": "@openai/codex",
      "version": "0.6.39",
      "license": "Apache-2.0",
      "bin": {
        "codex": "bin/codex.js"
      },
      "engines": {
        "node": ">=16"
      }
    }
  }
}
